// !$*UTF8*$!
{
	archiveVersion = 1;
	classes = {
	};
	objectVersion = 56;
	objects = {

/* Begin PBXBuildFile section */
		E3844C1D2946D18100BA1FF1 /* AppDelegate.swift in Sources */ = {isa = PBXBuildFile; fileRef = E3844C1C2946D18100BA1FF1 /* AppDelegate.swift */; };
		E3844C1F2946D18100BA1FF1 /* SceneDelegate.swift in Sources */ = {isa = PBXBuildFile; fileRef = E3844C1E2946D18100BA1FF1 /* SceneDelegate.swift */; };
		E3844C212946D18100BA1FF1 /* ViewController.swift in Sources */ = {isa = PBXBuildFile; fileRef = E3844C202946D18100BA1FF1 /* ViewController.swift */; };
		E3844C242946D18100BA1FF1 /* Main.storyboard in Resources */ = {isa = PBXBuildFile; fileRef = E3844C222946D18100BA1FF1 /* Main.storyboard */; };
		E3844C272946D18100BA1FF1 /* MAPD714_Final_BMICalculator.xcdatamodeld in Sources */ = {isa = PBXBuildFile; fileRef = E3844C252946D18100BA1FF1 /* MAPD714_Final_BMICalculator.xcdatamodeld */; };
		E3844C292946D18300BA1FF1 /* Assets.xcassets in Resources */ = {isa = PBXBuildFile; fileRef = E3844C282946D18300BA1FF1 /* Assets.xcassets */; };
		E3844C2C2946D18300BA1FF1 /* LaunchScreen.storyboard in Resources */ = {isa = PBXBuildFile; fileRef = E3844C2A2946D18300BA1FF1 /* LaunchScreen.storyboard */; };
		E3844C372946D18300BA1FF1 /* MAPD714_Final_BMICalculatorTests.swift in Sources */ = {isa = PBXBuildFile; fileRef = E3844C362946D18300BA1FF1 /* MAPD714_Final_BMICalculatorTests.swift */; };
		E3844C412946D18300BA1FF1 /* MAPD714_Final_BMICalculatorUITests.swift in Sources */ = {isa = PBXBuildFile; fileRef = E3844C402946D18300BA1FF1 /* MAPD714_Final_BMICalculatorUITests.swift */; };
		E3844C432946D18300BA1FF1 /* MAPD714_Final_BMICalculatorUITestsLaunchTests.swift in Sources */ = {isa = PBXBuildFile; fileRef = E3844C422946D18300BA1FF1 /* MAPD714_Final_BMICalculatorUITestsLaunchTests.swift */; };
/* End PBXBuildFile section */

/* Begin PBXContainerItemProxy section */
		E3844C332946D18300BA1FF1 /* PBXContainerItemProxy */ = {
			isa = PBXContainerItemProxy;
			containerPortal = E3844C112946D18100BA1FF1 /* Project object */;
			proxyType = 1;
			remoteGlobalIDString = E3844C182946D18100BA1FF1;
			remoteInfo = MAPD714_Final_BMICalculator;
		};
		E3844C3D2946D18300BA1FF1 /* PBXContainerItemProxy */ = {
			isa = PBXContainerItemProxy;
			containerPortal = E3844C112946D18100BA1FF1 /* Project object */;
			proxyType = 1;
			remoteGlobalIDString = E3844C182946D18100BA1FF1;
			remoteInfo = MAPD714_Final_BMICalculator;
		};
/* End PBXContainerItemProxy section */

/* Begin PBXFileReference section */
		E3844C192946D18100BA1FF1 /* MAPD714_Final_BMICalculator.app */ = {isa = PBXFileReference; explicitFileType = wrapper.application; includeInIndex = 0; path = MAPD714_Final_BMICalculator.app; sourceTree = BUILT_PRODUCTS_DIR; };
		E3844C1C2946D18100BA1FF1 /* AppDelegate.swift */ = {isa = PBXFileReference; lastKnownFileType = sourcecode.swift; path = AppDelegate.swift; sourceTree = "<group>"; };
		E3844C1E2946D18100BA1FF1 /* SceneDelegate.swift */ = {isa = PBXFileReference; lastKnownFileType = sourcecode.swift; path = SceneDelegate.swift; sourceTree = "<group>"; };
		E3844C202946D18100BA1FF1 /* ViewController.swift */ = {isa = PBXFileReference; lastKnownFileType = sourcecode.swift; path = ViewController.swift; sourceTree = "<group>"; };
		E3844C232946D18100BA1FF1 /* Base */ = {isa = PBXFileReference; lastKnownFileType = file.storyboard; name = Base; path = Base.lproj/Main.storyboard; sourceTree = "<group>"; };
		E3844C262946D18100BA1FF1 /* MAPD714_Final_BMICalculator.xcdatamodel */ = {isa = PBXFileReference; lastKnownFileType = wrapper.xcdatamodel; path = MAPD714_Final_BMICalculator.xcdatamodel; sourceTree = "<group>"; };
		E3844C282946D18300BA1FF1 /* Assets.xcassets */ = {isa = PBXFileReference; lastKnownFileType = folder.assetcatalog; path = Assets.xcassets; sourceTree = "<group>"; };
		E3844C2B2946D18300BA1FF1 /* Base */ = {isa = PBXFileReference; lastKnownFileType = file.storyboard; name = Base; path = Base.lproj/LaunchScreen.storyboard; sourceTree = "<group>"; };
		E3844C2D2946D18300BA1FF1 /* Info.plist */ = {isa = PBXFileReference; lastKnownFileType = text.plist.xml; path = Info.plist; sourceTree = "<group>"; };
		E3844C322946D18300BA1FF1 /* MAPD714_Final_BMICalculatorTests.xctest */ = {isa = PBXFileReference; explicitFileType = wrapper.cfbundle; includeInIndex = 0; path = MAPD714_Final_BMICalculatorTests.xctest; sourceTree = BUILT_PRODUCTS_DIR; };
		E3844C362946D18300BA1FF1 /* MAPD714_Final_BMICalculatorTests.swift */ = {isa = PBXFileReference; lastKnownFileType = sourcecode.swift; path = MAPD714_Final_BMICalculatorTests.swift; sourceTree = "<group>"; };
		E3844C3C2946D18300BA1FF1 /* MAPD714_Final_BMICalculatorUITests.xctest */ = {isa = PBXFileReference; explicitFileType = wrapper.cfbundle; includeInIndex = 0; path = MAPD714_Final_BMICalculatorUITests.xctest; sourceTree = BUILT_PRODUCTS_DIR; };
		E3844C402946D18300BA1FF1 /* MAPD714_Final_BMICalculatorUITests.swift */ = {isa = PBXFileReference; lastKnownFileType = sourcecode.swift; path = MAPD714_Final_BMICalculatorUITests.swift; sourceTree = "<group>"; };
		E3844C422946D18300BA1FF1 /* MAPD714_Final_BMICalculatorUITestsLaunchTests.swift */ = {isa = PBXFileReference; lastKnownFileType = sourcecode.swift; path = MAPD714_Final_BMICalculatorUITestsLaunchTests.swift; sourceTree = "<group>"; };
/* End PBXFileReference section */

/* Begin PBXFrameworksBuildPhase section */
		E3844C162946D18100BA1FF1 /* Frameworks */ = {
			isa = PBXFrameworksBuildPhase;
			buildActionMask = 2147483647;
			files = (
			);
			runOnlyForDeploymentPostprocessing = 0;
		};
		E3844C2F2946D18300BA1FF1 /* Frameworks */ = {
			isa = PBXFrameworksBuildPhase;
			buildActionMask = 2147483647;
			files = (
			);
			runOnlyForDeploymentPostprocessing = 0;
		};
		E3844C392946D18300BA1FF1 /* Frameworks */ = {
			isa = PBXFrameworksBuildPhase;
			buildActionMask = 2147483647;
			files = (
			);
			runOnlyForDeploymentPostprocessing = 0;
		};
/* End PBXFrameworksBuildPhase section */

/* Begin PBXGroup section */
		E3844C102946D18100BA1FF1 = {
			isa = PBXGroup;
			children = (
				E3844C1B2946D18100BA1FF1 /* MAPD714_Final_BMICalculator */,
				E3844C352946D18300BA1FF1 /* MAPD714_Final_BMICalculatorTests */,
				E3844C3F2946D18300BA1FF1 /* MAPD714_Final_BMICalculatorUITests */,
				E3844C1A2946D18100BA1FF1 /* Products */,
			);
			sourceTree = "<group>";
		};
		E3844C1A2946D18100BA1FF1 /* Products */ = {
			isa = PBXGroup;
			children = (
				E3844C192946D18100BA1FF1 /* MAPD714_Final_BMICalculator.app */,
				E3844C322946D18300BA1FF1 /* MAPD714_Final_BMICalculatorTests.xctest */,
				E3844C3C2946D18300BA1FF1 /* MAPD714_Final_BMICalculatorUITests.xctest */,
			);
			name = Products;
			sourceTree = "<group>";
		};
		E3844C1B2946D18100BA1FF1 /* MAPD714_Final_BMICalculator */ = {
			isa = PBXGroup;
			children = (
				E3844C1C2946D18100BA1FF1 /* AppDelegate.swift */,
				E3844C1E2946D18100BA1FF1 /* SceneDelegate.swift */,
				E3844C202946D18100BA1FF1 /* ViewController.swift */,
				E3844C222946D18100BA1FF1 /* Main.storyboard */,
				E3844C282946D18300BA1FF1 /* Assets.xcassets */,
				E3844C2A2946D18300BA1FF1 /* LaunchScreen.storyboard */,
				E3844C2D2946D18300BA1FF1 /* Info.plist */,
				E3844C252946D18100BA1FF1 /* MAPD714_Final_BMICalculator.xcdatamodeld */,
			);
			path = MAPD714_Final_BMICalculator;
			sourceTree = "<group>";
		};
		E3844C352946D18300BA1FF1 /* MAPD714_Final_BMICalculatorTests */ = {
			isa = PBXGroup;
			children = (
				E3844C362946D18300BA1FF1 /* MAPD714_Final_BMICalculatorTests.swift */,
			);
			path = MAPD714_Final_BMICalculatorTests;
			sourceTree = "<group>";
		};
		E3844C3F2946D18300BA1FF1 /* MAPD714_Final_BMICalculatorUITests */ = {
			isa = PBXGroup;
			children = (
				E3844C402946D18300BA1FF1 /* MAPD714_Final_BMICalculatorUITests.swift */,
				E3844C422946D18300BA1FF1 /* MAPD714_Final_BMICalculatorUITestsLaunchTests.swift */,
			);
			path = MAPD714_Final_BMICalculatorUITests;
			sourceTree = "<group>";
		};
/* End PBXGroup section */

/* Begin PBXNativeTarget section */
		E3844C182946D18100BA1FF1 /* MAPD714_Final_BMICalculator */ = {
			isa = PBXNativeTarget;
			buildConfigurationList = E3844C462946D18300BA1FF1 /* Build configuration list for PBXNativeTarget "MAPD714_Final_BMICalculator" */;
			buildPhases = (
				E3844C152946D18100BA1FF1 /* Sources */,
				E3844C162946D18100BA1FF1 /* Frameworks */,
				E3844C172946D18100BA1FF1 /* Resources */,
			);
			buildRules = (
			);
			dependencies = (
			);
			name = MAPD714_Final_BMICalculator;
			productName = MAPD714_Final_BMICalculator;
			productReference = E3844C192946D18100BA1FF1 /* MAPD714_Final_BMICalculator.app */;
			productType = "com.apple.product-type.application";
		};
		E3844C312946D18300BA1FF1 /* MAPD714_Final_BMICalculatorTests */ = {
			isa = PBXNativeTarget;
			buildConfigurationList = E3844C492946D18300BA1FF1 /* Build configuration list for PBXNativeTarget "MAPD714_Final_BMICalculatorTests" */;
			buildPhases = (
				E3844C2E2946D18300BA1FF1 /* Sources */,
				E3844C2F2946D18300BA1FF1 /* Frameworks */,
				E3844C302946D18300BA1FF1 /* Resources */,
			);
			buildRules = (
			);
			dependencies = (
				E3844C342946D18300BA1FF1 /* PBXTargetDependency */,
			);
			name = MAPD714_Final_BMICalculatorTests;
			productName = MAPD714_Final_BMICalculatorTests;
			productReference = E3844C322946D18300BA1FF1 /* MAPD714_Final_BMICalculatorTests.xctest */;
			productType = "com.apple.product-type.bundle.unit-test";
		};
		E3844C3B2946D18300BA1FF1 /* MAPD714_Final_BMICalculatorUITests */ = {
			isa = PBXNativeTarget;
			buildConfigurationList = E3844C4C2946D18300BA1FF1 /* Build configuration list for PBXNativeTarget "MAPD714_Final_BMICalculatorUITests" */;
			buildPhases = (
				E3844C382946D18300BA1FF1 /* Sources */,
				E3844C392946D18300BA1FF1 /* Frameworks */,
				E3844C3A2946D18300BA1FF1 /* Resources */,
			);
			buildRules = (
			);
			dependencies = (
				E3844C3E2946D18300BA1FF1 /* PBXTargetDependency */,
			);
			name = MAPD714_Final_BMICalculatorUITests;
			productName = MAPD714_Final_BMICalculatorUITests;
			productReference = E3844C3C2946D18300BA1FF1 /* MAPD714_Final_BMICalculatorUITests.xctest */;
			productType = "com.apple.product-type.bundle.ui-testing";
		};
/* End PBXNativeTarget section */

/* Begin PBXProject section */
		E3844C112946D18100BA1FF1 /* Project object */ = {
			isa = PBXProject;
			attributes = {
				BuildIndependentTargetsInParallel = 1;
				LastSwiftUpdateCheck = 1410;
				LastUpgradeCheck = 1410;
				TargetAttributes = {
					E3844C182946D18100BA1FF1 = {
						CreatedOnToolsVersion = 14.1;
					};
					E3844C312946D18300BA1FF1 = {
						CreatedOnToolsVersion = 14.1;
						TestTargetID = E3844C182946D18100BA1FF1;
					};
					E3844C3B2946D18300BA1FF1 = {
						CreatedOnToolsVersion = 14.1;
						TestTargetID = E3844C182946D18100BA1FF1;
					};
				};
			};
			buildConfigurationList = E3844C142946D18100BA1FF1 /* Build configuration list for PBXProject "MAPD714_Final_BMICalculator" */;
			compatibilityVersion = "Xcode 14.0";
			developmentRegion = en;
			hasScannedForEncodings = 0;
			knownRegions = (
				en,
				Base,
			);
			mainGroup = E3844C102946D18100BA1FF1;
			productRefGroup = E3844C1A2946D18100BA1FF1 /* Products */;
			projectDirPath = "";
			projectRoot = "";
			targets = (
				E3844C182946D18100BA1FF1 /* MAPD714_Final_BMICalculator */,
				E3844C312946D18300BA1FF1 /* MAPD714_Final_BMICalculatorTests */,
				E3844C3B2946D18300BA1FF1 /* MAPD714_Final_BMICalculatorUITests */,
			);
		};
/* End PBXProject section */

/* Begin PBXResourcesBuildPhase section */
		E3844C172946D18100BA1FF1 /* Resources */ = {
			isa = PBXResourcesBuildPhase;
			buildActionMask = 2147483647;
			files = (
				E3844C2C2946D18300BA1FF1 /* LaunchScreen.storyboard in Resources */,
				E3844C292946D18300BA1FF1 /* Assets.xcassets in Resources */,
				E3844C242946D18100BA1FF1 /* Main.storyboard in Resources */,
			);
			runOnlyForDeploymentPostprocessing = 0;
		};
		E3844C302946D18300BA1FF1 /* Resources */ = {
			isa = PBXResourcesBuildPhase;
			buildActionMask = 2147483647;
			files = (
			);
			runOnlyForDeploymentPostprocessing = 0;
		};
		E3844C3A2946D18300BA1FF1 /* Resources */ = {
			isa = PBXResourcesBuildPhase;
			buildActionMask = 2147483647;
			files = (
			);
			runOnlyForDeploymentPostprocessing = 0;
		};
/* End PBXResourcesBuildPhase section */

/* Begin PBXSourcesBuildPhase section */
		E3844C152946D18100BA1FF1 /* Sources */ = {
			isa = PBXSourcesBuildPhase;
			buildActionMask = 2147483647;
			files = (
				E3844C272946D18100BA1FF1 /* MAPD714_Final_BMICalculator.xcdatamodeld in Sources */,
				E3844C212946D18100BA1FF1 /* ViewController.swift in Sources */,
				E3844C1D2946D18100BA1FF1 /* AppDelegate.swift in Sources */,
				E3844C1F2946D18100BA1FF1 /* SceneDelegate.swift in Sources */,
			);
			runOnlyForDeploymentPostprocessing = 0;
		};
		E3844C2E2946D18300BA1FF1 /* Sources */ = {
			isa = PBXSourcesBuildPhase;
			buildActionMask = 2147483647;
			files = (
				E3844C372946D18300BA1FF1 /* MAPD714_Final_BMICalculatorTests.swift in Sources */,
			);
			runOnlyForDeploymentPostprocessing = 0;
		};
		E3844C382946D18300BA1FF1 /* Sources */ = {
			isa = PBXSourcesBuildPhase;
			buildActionMask = 2147483647;
			files = (
				E3844C412946D18300BA1FF1 /* MAPD714_Final_BMICalculatorUITests.swift in Sources */,
				E3844C432946D18300BA1FF1 /* MAPD714_Final_BMICalculatorUITestsLaunchTests.swift in Sources */,
			);
			runOnlyForDeploymentPostprocessing = 0;
		};
/* End PBXSourcesBuildPhase section */

/* Begin PBXTargetDependency section */
		E3844C342946D18300BA1FF1 /* PBXTargetDependency */ = {
			isa = PBXTargetDependency;
			target = E3844C182946D18100BA1FF1 /* MAPD714_Final_BMICalculator */;
			targetProxy = E3844C332946D18300BA1FF1 /* PBXContainerItemProxy */;
		};
		E3844C3E2946D18300BA1FF1 /* PBXTargetDependency */ = {
			isa = PBXTargetDependency;
			target = E3844C182946D18100BA1FF1 /* MAPD714_Final_BMICalculator */;
			targetProxy = E3844C3D2946D18300BA1FF1 /* PBXContainerItemProxy */;
		};
/* End PBXTargetDependency section */

/* Begin PBXVariantGroup section */
		E3844C222946D18100BA1FF1 /* Main.storyboard */ = {
			isa = PBXVariantGroup;
			children = (
				E3844C232946D18100BA1FF1 /* Base */,
			);
			name = Main.storyboard;
			sourceTree = "<group>";
		};
		E3844C2A2946D18300BA1FF1 /* LaunchScreen.storyboard */ = {
			isa = PBXVariantGroup;
			children = (
				E3844C2B2946D18300BA1FF1 /* Base */,
			);
			name = LaunchScreen.storyboard;
			sourceTree = "<group>";
		};
/* End PBXVariantGroup section */

/* Begin XCBuildConfiguration section */
		E3844C442946D18300BA1FF1 /* Debug */ = {
			isa = XCBuildConfiguration;
			buildSettings = {
				ALWAYS_SEARCH_USER_PATHS = NO;
				CLANG_ANALYZER_NONNULL = YES;
				CLANG_ANALYZER_NUMBER_OBJECT_CONVERSION = YES_AGGRESSIVE;
				CLANG_CXX_LANGUAGE_STANDARD = "gnu++20";
				CLANG_ENABLE_MODULES = YES;
				CLANG_ENABLE_OBJC_ARC = YES;
				CLANG_ENABLE_OBJC_WEAK = YES;
				CLANG_WARN_BLOCK_CAPTURE_AUTORELEASING = YES;
				CLANG_WARN_BOOL_CONVERSION = YES;
				CLANG_WARN_COMMA = YES;
				CLANG_WARN_CONSTANT_CONVERSION = YES;
				CLANG_WARN_DEPRECATED_OBJC_IMPLEMENTATIONS = YES;
				CLANG_WARN_DIRECT_OBJC_ISA_USAGE = YES_ERROR;
				CLANG_WARN_DOCUMENTATION_COMMENTS = YES;
				CLANG_WARN_EMPTY_BODY = YES;
				CLANG_WARN_ENUM_CONVERSION = YES;
				CLANG_WARN_INFINITE_RECURSION = YES;
				CLANG_WARN_INT_CONVERSION = YES;
				CLANG_WARN_NON_LITERAL_NULL_CONVERSION = YES;
				CLANG_WARN_OBJC_IMPLICIT_RETAIN_SELF = YES;
				CLANG_WARN_OBJC_LITERAL_CONVERSION = YES;
				CLANG_WARN_OBJC_ROOT_CLASS = YES_ERROR;
				CLANG_WARN_QUOTED_INCLUDE_IN_FRAMEWORK_HEADER = YES;
				CLANG_WARN_RANGE_LOOP_ANALYSIS = YES;
				CLANG_WARN_STRICT_PROTOTYPES = YES;
				CLANG_WARN_SUSPICIOUS_MOVE = YES;
				CLANG_WARN_UNGUARDED_AVAILABILITY = YES_AGGRESSIVE;
				CLANG_WARN_UNREACHABLE_CODE = YES;
				CLANG_WARN__DUPLICATE_METHOD_MATCH = YES;
				COPY_PHASE_STRIP = NO;
				DEBUG_INFORMATION_FORMAT = dwarf;
				ENABLE_STRICT_OBJC_MSGSEND = YES;
				ENABLE_TESTABILITY = YES;
				GCC_C_LANGUAGE_STANDARD = gnu11;
				GCC_DYNAMIC_NO_PIC = NO;
				GCC_NO_COMMON_BLOCKS = YES;
				GCC_OPTIMIZATION_LEVEL = 0;
				GCC_PREPROCESSOR_DEFINITIONS = (
					"DEBUG=1",
					"$(inherited)",
				);
				GCC_WARN_64_TO_32_BIT_CONVERSION = YES;
				GCC_WARN_ABOUT_RETURN_TYPE = YES_ERROR;
				GCC_WARN_UNDECLARED_SELECTOR = YES;
				GCC_WARN_UNINITIALIZED_AUTOS = YES_AGGRESSIVE;
				GCC_WARN_UNUSED_FUNCTION = YES;
				GCC_WARN_UNUSED_VARIABLE = YES;
				IPHONEOS_DEPLOYMENT_TARGET = 16.1;
				MTL_ENABLE_DEBUG_INFO = INCLUDE_SOURCE;
				MTL_FAST_MATH = YES;
				ONLY_ACTIVE_ARCH = YES;
				SDKROOT = iphoneos;
				SWIFT_ACTIVE_COMPILATION_CONDITIONS = DEBUG;
				SWIFT_OPTIMIZATION_LEVEL = "-Onone";
			};
			name = Debug;
		};
		E3844C452946D18300BA1FF1 /* Release */ = {
			isa = XCBuildConfiguration;
			buildSettings = {
				ALWAYS_SEARCH_USER_PATHS = NO;
				CLANG_ANALYZER_NONNULL = YES;
				CLANG_ANALYZER_NUMBER_OBJECT_CONVERSION = YES_AGGRESSIVE;
				CLANG_CXX_LANGUAGE_STANDARD = "gnu++20";
				CLANG_ENABLE_MODULES = YES;
				CLANG_ENABLE_OBJC_ARC = YES;
				CLANG_ENABLE_OBJC_WEAK = YES;
				CLANG_WARN_BLOCK_CAPTURE_AUTORELEASING = YES;
				CLANG_WARN_BOOL_CONVERSION = YES;
				CLANG_WARN_COMMA = YES;
				CLANG_WARN_CONSTANT_CONVERSION = YES;
				CLANG_WARN_DEPRECATED_OBJC_IMPLEMENTATIONS = YES;
				CLANG_WARN_DIRECT_OBJC_ISA_USAGE = YES_ERROR;
				CLANG_WARN_DOCUMENTATION_COMMENTS = YES;
				CLANG_WARN_EMPTY_BODY = YES;
				CLANG_WARN_ENUM_CONVERSION = YES;
				CLANG_WARN_INFINITE_RECURSION = YES;
				CLANG_WARN_INT_CONVERSION = YES;
				CLANG_WARN_NON_LITERAL_NULL_CONVERSION = YES;
				CLANG_WARN_OBJC_IMPLICIT_RETAIN_SELF = YES;
				CLANG_WARN_OBJC_LITERAL_CONVERSION = YES;
				CLANG_WARN_OBJC_ROOT_CLASS = YES_ERROR;
				CLANG_WARN_QUOTED_INCLUDE_IN_FRAMEWORK_HEADER = YES;
				CLANG_WARN_RANGE_LOOP_ANALYSIS = YES;
				CLANG_WARN_STRICT_PROTOTYPES = YES;
				CLANG_WARN_SUSPICIOUS_MOVE = YES;
				CLANG_WARN_UNGUARDED_AVAILABILITY = YES_AGGRESSIVE;
				CLANG_WARN_UNREACHABLE_CODE = YES;
				CLANG_WARN__DUPLICATE_METHOD_MATCH = YES;
				COPY_PHASE_STRIP = NO;
				DEBUG_INFORMATION_FORMAT = "dwarf-with-dsym";
				ENABLE_NS_ASSERTIONS = NO;
				ENABLE_STRICT_OBJC_MSGSEND = YES;
				GCC_C_LANGUAGE_STANDARD = gnu11;
				GCC_NO_COMMON_BLOCKS = YES;
				GCC_WARN_64_TO_32_BIT_CONVERSION = YES;
				GCC_WARN_ABOUT_RETURN_TYPE = YES_ERROR;
				GCC_WARN_UNDECLARED_SELECTOR = YES;
				GCC_WARN_UNINITIALIZED_AUTOS = YES_AGGRESSIVE;
				GCC_WARN_UNUSED_FUNCTION = YES;
				GCC_WARN_UNUSED_VARIABLE = YES;
				IPHONEOS_DEPLOYMENT_TARGET = 16.1;
				MTL_ENABLE_DEBUG_INFO = NO;
				MTL_FAST_MATH = YES;
				SDKROOT = iphoneos;
				SWIFT_COMPILATION_MODE = wholemodule;
				SWIFT_OPTIMIZATION_LEVEL = "-O";
				VALIDATE_PRODUCT = YES;
			};
			name = Release;
		};
		E3844C472946D18300BA1FF1 /* Debug */ = {
			isa = XCBuildConfiguration;
			buildSettings = {
				ASSETCATALOG_COMPILER_APPICON_NAME = AppIcon;
				ASSETCATALOG_COMPILER_GLOBAL_ACCENT_COLOR_NAME = AccentColor;
				CODE_SIGN_STYLE = Automatic;
				CURRENT_PROJECT_VERSION = 1;
				GENERATE_INFOPLIST_FILE = YES;
				INFOPLIST_FILE = MAPD714_Final_BMICalculator/Info.plist;
				INFOPLIST_KEY_UIApplicationSupportsIndirectInputEvents = YES;
				INFOPLIST_KEY_UILaunchStoryboardName = LaunchScreen;
				INFOPLIST_KEY_UIMainStoryboardFile = Main;
				INFOPLIST_KEY_UISupportedInterfaceOrientations_iPad = "UIInterfaceOrientationPortrait UIInterfaceOrientationPortraitUpsideDown UIInterfaceOrientationLandscapeLeft UIInterfaceOrientationLandscapeRight";
				INFOPLIST_KEY_UISupportedInterfaceOrientations_iPhone = "UIInterfaceOrientationPortrait UIInterfaceOrientationLandscapeLeft UIInterfaceOrientationLandscapeRight";
				LD_RUNPATH_SEARCH_PATHS = (
					"$(inherited)",
					"@executable_path/Frameworks",
				);
				MARKETING_VERSION = 1.0;
				PRODUCT_BUNDLE_IDENTIFIER = "CentennialCollege.MAPD714-Final-BMICalculator";
				PRODUCT_NAME = "$(TARGET_NAME)";
				SWIFT_EMIT_LOC_STRINGS = YES;
				SWIFT_VERSION = 5.0;
				TARGETED_DEVICE_FAMILY = "1,2";
			};
			name = Debug;
		};
		E3844C482946D18300BA1FF1 /* Release */ = {
			isa = XCBuildConfiguration;
			buildSettings = {
				ASSETCATALOG_COMPILER_APPICON_NAME = AppIcon;
				ASSETCATALOG_COMPILER_GLOBAL_ACCENT_COLOR_NAME = AccentColor;
				CODE_SIGN_STYLE = Automatic;
				CURRENT_PROJECT_VERSION = 1;
				GENERATE_INFOPLIST_FILE = YES;
				INFOPLIST_FILE = MAPD714_Final_BMICalculator/Info.plist;
				INFOPLIST_KEY_UIApplicationSupportsIndirectInputEvents = YES;
				INFOPLIST_KEY_UILaunchStoryboardName = LaunchScreen;
				INFOPLIST_KEY_UIMainStoryboardFile = Main;
				INFOPLIST_KEY_UISupportedInterfaceOrientations_iPad = "UIInterfaceOrientationPortrait UIInterfaceOrientationPortraitUpsideDown UIInterfaceOrientationLandscapeLeft UIInterfaceOrientationLandscapeRight";
				INFOPLIST_KEY_UISupportedInterfaceOrientations_iPhone = "UIInterfaceOrientationPortrait UIInterfaceOrientationLandscapeLeft UIInterfaceOrientationLandscapeRight";
				LD_RUNPATH_SEARCH_PATHS = (
					"$(inherited)",
					"@executable_path/Frameworks",
				);
				MARKETING_VERSION = 1.0;
				PRODUCT_BUNDLE_IDENTIFIER = "CentennialCollege.MAPD714-Final-BMICalculator";
				PRODUCT_NAME = "$(TARGET_NAME)";
				SWIFT_EMIT_LOC_STRINGS = YES;
				SWIFT_VERSION = 5.0;
				TARGETED_DEVICE_FAMILY = "1,2";
			};
			name = Release;
		};
		E3844C4A2946D18300BA1FF1 /* Debug */ = {
			isa = XCBuildConfiguration;
			buildSettings = {
				ALWAYS_EMBED_SWIFT_STANDARD_LIBRARIES = YES;
				BUNDLE_LOADER = "$(TEST_HOST)";
				CODE_SIGN_STYLE = Automatic;
				CURRENT_PROJECT_VERSION = 1;
				GENERATE_INFOPLIST_FILE = YES;
				IPHONEOS_DEPLOYMENT_TARGET = 16.1;
				MARKETING_VERSION = 1.0;
				PRODUCT_BUNDLE_IDENTIFIER = "CentennialCollege.MAPD714-Final-BMICalculatorTests";
				PRODUCT_NAME = "$(TARGET_NAME)";
				SWIFT_EMIT_LOC_STRINGS = NO;
				SWIFT_VERSION = 5.0;
				TARGETED_DEVICE_FAMILY = "1,2";
				TEST_HOST = "$(BUILT_PRODUCTS_DIR)/MAPD714_Final_BMICalculator.app/$(BUNDLE_EXECUTABLE_FOLDER_PATH)/MAPD714_Final_BMICalculator";
			};
			name = Debug;
		};
		E3844C4B2946D18300BA1FF1 /* Release */ = {
			isa = XCBuildConfiguration;
			buildSettings = {
				ALWAYS_EMBED_SWIFT_STANDARD_LIBRARIES = YES;
				BUNDLE_LOADER = "$(TEST_HOST)";
				CODE_SIGN_STYLE = Automatic;
				CURRENT_PROJECT_VERSION = 1;
				GENERATE_INFOPLIST_FILE = YES;
				IPHONEOS_DEPLOYMENT_TARGET = 16.1;
				MARKETING_VERSION = 1.0;
				PRODUCT_BUNDLE_IDENTIFIER = "CentennialCollege.MAPD714-Final-BMICalculatorTests";
				PRODUCT_NAME = "$(TARGET_NAME)";
				SWIFT_EMIT_LOC_STRINGS = NO;
				SWIFT_VERSION = 5.0;
				TARGETED_DEVICE_FAMILY = "1,2";
				TEST_HOST = "$(BUILT_PRODUCTS_DIR)/MAPD714_Final_BMICalculator.app/$(BUNDLE_EXECUTABLE_FOLDER_PATH)/MAPD714_Final_BMICalculator";
			};
			name = Release;
		};
		E3844C4D2946D18300BA1FF1 /* Debug */ = {
			isa = XCBuildConfiguration;
			buildSettings = {
				ALWAYS_EMBED_SWIFT_STANDARD_LIBRARIES = YES;
				CODE_SIGN_STYLE = Automatic;
				CURRENT_PROJECT_VERSION = 1;
				GENERATE_INFOPLIST_FILE = YES;
				MARKETING_VERSION = 1.0;
				PRODUCT_BUNDLE_IDENTIFIER = "CentennialCollege.MAPD714-Final-BMICalculatorUITests";
				PRODUCT_NAME = "$(TARGET_NAME)";
				SWIFT_EMIT_LOC_STRINGS = NO;
				SWIFT_VERSION = 5.0;
				TARGETED_DEVICE_FAMILY = "1,2";
				TEST_TARGET_NAME = MAPD714_Final_BMICalculator;
			};
			name = Debug;
		};
		E3844C4E2946D18300BA1FF1 /* Release */ = {
			isa = XCBuildConfiguration;
			buildSettings = {
				ALWAYS_EMBED_SWIFT_STANDARD_LIBRARIES = YES;
				CODE_SIGN_STYLE = Automatic;
				CURRENT_PROJECT_VERSION = 1;
				GENERATE_INFOPLIST_FILE = YES;
				MARKETING_VERSION = 1.0;
				PRODUCT_BUNDLE_IDENTIFIER = "CentennialCollege.MAPD714-Final-BMICalculatorUITests";
				PRODUCT_NAME = "$(TARGET_NAME)";
				SWIFT_EMIT_LOC_STRINGS = NO;
				SWIFT_VERSION = 5.0;
				TARGETED_DEVICE_FAMILY = "1,2";
				TEST_TARGET_NAME = MAPD714_Final_BMICalculator;
			};
			name = Release;
		};
/* End XCBuildConfiguration section */

/* Begin XCConfigurationList section */
		E3844C142946D18100BA1FF1 /* Build configuration list for PBXProject "MAPD714_Final_BMICalculator" */ = {
			isa = XCConfigurationList;
			buildConfigurations = (
				E3844C442946D18300BA1FF1 /* Debug */,
				E3844C452946D18300BA1FF1 /* Release */,
			);
			defaultConfigurationIsVisible = 0;
			defaultConfigurationName = Release;
		};
		E3844C462946D18300BA1FF1 /* Build configuration list for PBXNativeTarget "MAPD714_Final_BMICalculator" */ = {
			isa = XCConfigurationList;
			buildConfigurations = (
				E3844C472946D18300BA1FF1 /* Debug */,
				E3844C482946D18300BA1FF1 /* Release */,
			);
			defaultConfigurationIsVisible = 0;
			defaultConfigurationName = Release;
		};
		E3844C492946D18300BA1FF1 /* Build configuration list for PBXNativeTarget "MAPD714_Final_BMICalculatorTests" */ = {
			isa = XCConfigurationList;
			buildConfigurations = (
				E3844C4A2946D18300BA1FF1 /* Debug */,
				E3844C4B2946D18300BA1FF1 /* Release */,
			);
			defaultConfigurationIsVisible = 0;
			defaultConfigurationName = Release;
		};
		E3844C4C2946D18300BA1FF1 /* Build configuration list for PBXNativeTarget "MAPD714_Final_BMICalculatorUITests" */ = {
			isa = XCConfigurationList;
			buildConfigurations = (
				E3844C4D2946D18300BA1FF1 /* Debug */,
				E3844C4E2946D18300BA1FF1 /* Release */,
			);
			defaultConfigurationIsVisible = 0;
			defaultConfigurationName = Release;
		};
/* End XCConfigurationList section */

/* Begin XCVersionGroup section */
		E3844C252946D18100BA1FF1 /* MAPD714_Final_BMICalculator.xcdatamodeld */ = {
			isa = XCVersionGroup;
			children = (
				E3844C262946D18100BA1FF1 /* MAPD714_Final_BMICalculator.xcdatamodel */,
			);
			currentVersion = E3844C262946D18100BA1FF1 /* MAPD714_Final_BMICalculator.xcdatamodel */;
			path = MAPD714_Final_BMICalculator.xcdatamodeld;
			sourceTree = "<group>";
			versionGroupType = wrapper.xcdatamodel;
		};
/* End XCVersionGroup section */
	};
	rootObject = E3844C112946D18100BA1FF1 /* Project object */;
}
